// !$*UTF8*$!
{
	archiveVersion = 1;
	classes = {
	};
	objectVersion = 46;
	objects = {

/* Begin PBXBuildFile section */
		3855B3261CCF6EED0072D889 /* FDTableViewController.m in Sources */ = {isa = PBXBuildFile; fileRef = 3855B3251CCF6EED0072D889 /* FDTableViewController.m */; };
		4894F4201B183DE3009F44D9 /* main.m in Sources */ = {isa = PBXBuildFile; fileRef = 4894F41F1B183DE3009F44D9 /* main.m */; };
		4894F4231B183DE3009F44D9 /* AppDelegate.m in Sources */ = {isa = PBXBuildFile; fileRef = 4894F4221B183DE3009F44D9 /* AppDelegate.m */; };
		4894F4291B183DE3009F44D9 /* Main.storyboard in Resources */ = {isa = PBXBuildFile; fileRef = 4894F4271B183DE3009F44D9 /* Main.storyboard */; };
		4894F42B1B183DE3009F44D9 /* Images.xcassets in Resources */ = {isa = PBXBuildFile; fileRef = 4894F42A1B183DE3009F44D9 /* Images.xcassets */; };
		4894F42E1B183DE3009F44D9 /* LaunchScreen.xib in Resources */ = {isa = PBXBuildFile; fileRef = 4894F42C1B183DE3009F44D9 /* LaunchScreen.xib */; };
		4894F4461B183E99009F44D9 /* UINavigationController+FDFullscreenPopGesture.m in Sources */ = {isa = PBXBuildFile; fileRef = 4894F4441B183E99009F44D9 /* UINavigationController+FDFullscreenPopGesture.m */; };
/* End PBXBuildFile section */

/* Begin PBXFileReference section */
		3855B3241CCF6EED0072D889 /* FDTableViewController.h */ = {isa = PBXFileReference; fileEncoding = 4; lastKnownFileType = sourcecode.c.h; path = FDTableViewController.h; sourceTree = "<group>"; };
		3855B3251CCF6EED0072D889 /* FDTableViewController.m */ = {isa = PBXFileReference; fileEncoding = 4; lastKnownFileType = sourcecode.c.objc; path = FDTableViewController.m; sourceTree = "<group>"; };
		4894F41A1B183DE3009F44D9 /* FDFullscreenPopGestureDemo.app */ = {isa = PBXFileReference; explicitFileType = wrapper.application; includeInIndex = 0; path = FDFullscreenPopGestureDemo.app; sourceTree = BUILT_PRODUCTS_DIR; };
		4894F41E1B183DE3009F44D9 /* Info.plist */ = {isa = PBXFileReference; lastKnownFileType = text.plist.xml; path = Info.plist; sourceTree = "<group>"; };
		4894F41F1B183DE3009F44D9 /* main.m */ = {isa = PBXFileReference; lastKnownFileType = sourcecode.c.objc; path = main.m; sourceTree = "<group>"; };
		4894F4211B183DE3009F44D9 /* AppDelegate.h */ = {isa = PBXFileReference; lastKnownFileType = sourcecode.c.h; path = AppDelegate.h; sourceTree = "<group>"; };
		4894F4221B183DE3009F44D9 /* AppDelegate.m */ = {isa = PBXFileReference; lastKnownFileType = sourcecode.c.objc; path = AppDelegate.m; sourceTree = "<group>"; };
		4894F4281B183DE3009F44D9 /* Base */ = {isa = PBXFileReference; lastKnownFileType = file.storyboard; name = Base; path = Base.lproj/Main.storyboard; sourceTree = "<group>"; };
		4894F42A1B183DE3009F44D9 /* Images.xcassets */ = {isa = PBXFileReference; lastKnownFileType = folder.assetcatalog; path = Images.xcassets; sourceTree = "<group>"; };
		4894F42D1B183DE3009F44D9 /* Base */ = {isa = PBXFileReference; lastKnownFileType = file.xib; name = Base; path = Base.lproj/LaunchScreen.xib; sourceTree = "<group>"; };
		4894F4441B183E99009F44D9 /* UINavigationController+FDFullscreenPopGesture.m */ = {isa = PBXFileReference; fileEncoding = 4; lastKnownFileType = sourcecode.c.objc; path = "UINavigationController+FDFullscreenPopGesture.m"; sourceTree = "<group>"; };
		4894F4451B183E99009F44D9 /* UINavigationController+FDFullscreenPopGesture.h */ = {isa = PBXFileReference; fileEncoding = 4; lastKnownFileType = sourcecode.c.h; path = "UINavigationController+FDFullscreenPopGesture.h"; sourceTree = "<group>"; };
/* End PBXFileReference section */

/* Begin PBXFrameworksBuildPhase section */
		4894F4171B183DE3009F44D9 /* Frameworks */ = {
			isa = PBXFrameworksBuildPhase;
			buildActionMask = 2147483647;
			files = (
			);
			runOnlyForDeploymentPostprocessing = 0;
		};
/* End PBXFrameworksBuildPhase section */

/* Begin PBXGroup section */
		4894F4111B183DE3009F44D9 = {
			isa = PBXGroup;
			children = (
				4894F41C1B183DE3009F44D9 /* FDFullscreenPopGestureDemo */,
				4894F41B1B183DE3009F44D9 /* Products */,
			);
			sourceTree = "<group>";
		};
		4894F41B1B183DE3009F44D9 /* Products */ = {
			isa = PBXGroup;
			children = (
				4894F41A1B183DE3009F44D9 /* FDFullscreenPopGestureDemo.app */,
			);
			name = Products;
			sourceTree = "<group>";
		};
		4894F41C1B183DE3009F44D9 /* FDFullscreenPopGestureDemo */ = {
			isa = PBXGroup;
			children = (
				4894F4431B183DEF009F44D9 /* FDFullscreenPopGesture */,
				4894F4211B183DE3009F44D9 /* AppDelegate.h */,
				4894F4221B183DE3009F44D9 /* AppDelegate.m */,
				3855B3241CCF6EED0072D889 /* FDTableViewController.h */,
				3855B3251CCF6EED0072D889 /* FDTableViewController.m */,
				4894F4271B183DE3009F44D9 /* Main.storyboard */,
				4894F42A1B183DE3009F44D9 /* Images.xcassets */,
				4894F42C1B183DE3009F44D9 /* LaunchScreen.xib */,
				4894F41D1B183DE3009F44D9 /* Supporting Files */,
			);
			path = FDFullscreenPopGestureDemo;
			sourceTree = "<group>";
		};
		4894F41D1B183DE3009F44D9 /* Supporting Files */ = {
			isa = PBXGroup;
			children = (
				4894F41E1B183DE3009F44D9 /* Info.plist */,
				4894F41F1B183DE3009F44D9 /* main.m */,
			);
			name = "Supporting Files";
			sourceTree = "<group>";
		};
		4894F4431B183DEF009F44D9 /* FDFullscreenPopGesture */ = {
			isa = PBXGroup;
			children = (
				4894F4451B183E99009F44D9 /* UINavigationController+FDFullscreenPopGesture.h */,
				4894F4441B183E99009F44D9 /* UINavigationController+FDFullscreenPopGesture.m */,
			);
			name = FDFullscreenPopGesture;
			path = ../../FDFullscreenPopGesture;
			sourceTree = "<group>";
		};
/* End PBXGroup section */

/* Begin PBXNativeTarget section */
		4894F4191B183DE3009F44D9 /* FDFullscreenPopGestureDemo */ = {
			isa = PBXNativeTarget;
			buildConfigurationList = 4894F43D1B183DE3009F44D9 /* Build configuration list for PBXNativeTarget "FDFullscreenPopGestureDemo" */;
			buildPhases = (
				4894F4161B183DE3009F44D9 /* Sources */,
				4894F4171B183DE3009F44D9 /* Frameworks */,
				4894F4181B183DE3009F44D9 /* Resources */,
			);
			buildRules = (
			);
			dependencies = (
			);
			name = FDFullscreenPopGestureDemo;
			productName = FDFullscreenPopGestureDemo;
			productReference = 4894F41A1B183DE3009F44D9 /* FDFullscreenPopGestureDemo.app */;
			productType = "com.apple.product-type.application";
		};
/* End PBXNativeTarget section */

/* Begin PBXProject section */
		4894F4121B183DE3009F44D9 /* Project object */ = {
			isa = PBXProject;
			attributes = {
				LastUpgradeCheck = 0630;
				ORGANIZATIONNAME = forkingdog;
				TargetAttributes = {
					4894F4191B183DE3009F44D9 = {
						CreatedOnToolsVersion = 6.3.1;
					};
				};
			};
			buildConfigurationList = 4894F4151B183DE3009F44D9 /* Build configuration list for PBXProject "FDFullscreenPopGestureDemo" */;
			compatibilityVersion = "Xcode 3.2";
			developmentRegion = English;
			hasScannedForEncodings = 0;
			knownRegions = (
				en,
				Base,
			);
			mainGroup = 4894F4111B183DE3009F44D9;
			productRefGroup = 4894F41B1B183DE3009F44D9 /* Products */;
			projectDirPath = "";
			projectRoot = "";
			targets = (
				4894F4191B183DE3009F44D9 /* FDFullscreenPopGestureDemo */,
			);
		};
/* End PBXProject section */

/* Begin PBXResourcesBuildPhase section */
		4894F4181B183DE3009F44D9 /* Resources */ = {
			isa = PBXResourcesBuildPhase;
			buildActionMask = 2147483647;
			files = (
				4894F4291B183DE3009F44D9 /* Main.storyboard in Resources */,
				4894F42E1B183DE3009F44D9 /* LaunchScreen.xib in Resources */,
				4894F42B1B183DE3009F44D9 /* Images.xcassets in Resources */,
			);
			runOnlyForDeploymentPostprocessing = 0;
		};
/* End PBXResourcesBuildPhase section */

/* Begin PBXSourcesBuildPhase section */
		4894F4161B183DE3009F44D9 /* Sources */ = {
			isa = PBXSourcesBuildPhase;
			buildActionMask = 2147483647;
			files = (
				4894F4231B183DE3009F44D9 /* AppDelegate.m in Sources */,
				4894F4461B183E99009F44D9 /* UINavigationController+FDFullscreenPopGesture.m in Sources */,
				4894F4201B183DE3009F44D9 /* main.m in Sources */,
				3855B3261CCF6EED0072D889 /* FDTableViewController.m in Sources */,
			);
			runOnlyForDeploymentPostprocessing = 0;
		};
/* End PBXSourcesBuildPhase section */

/* Begin PBXVariantGroup section */
		4894F4271B183DE3009F44D9 /* Main.storyboard */ = {
			isa = PBXVariantGroup;
			children = (
				4894F4281B183DE3009F44D9 /* Base */,
			);
			name = Main.storyboard;
			sourceTree = "<group>";
		};
		4894F42C1B183DE3009F44D9 /* LaunchScreen.xib */ = {
			isa = PBXVariantGroup;
			children = (
				4894F42D1B183DE3009F44D9 /* Base */,
			);
			name = LaunchScreen.xib;
			sourceTree = "<group>";
		};
/* End PBXVariantGroup section */

/* Begin XCBuildConfiguration section */
		4894F43B1B183DE3009F44D9 /* Debug */ = {
			isa = XCBuildConfiguration;
			buildSettings = {
				ALWAYS_SEARCH_USER_PATHS = NO;
				CLANG_CXX_LANGUAGE_STANDARD = "gnu++0x";
				CLANG_CXX_LIBRARY = "libc++";
				CLANG_ENABLE_MODULES = YES;
				CLANG_ENABLE_OBJC_ARC = YES;
				CLANG_WARN_BOOL_CONVERSION = YES;
				CLANG_WARN_CONSTANT_CONVERSION = YES;
				CLANG_WARN_DIRECT_OBJC_ISA_USAGE = YES_ERROR;
				CLANG_WARN_EMPTY_BODY = YES;
				CLANG_WARN_ENUM_CONVERSION = YES;
				CLANG_WARN_INT_CONVERSION = YES;
				CLANG_WARN_OBJC_ROOT_CLASS = YES_ERROR;
				CLANG_WARN_UNREACHABLE_CODE = YES;
				CLANG_WARN__DUPLICATE_METHOD_MATCH = YES;
				"CODE_SIGN_IDENTITY[sdk=iphoneos*]" = "iPhone Developer";
				COPY_PHASE_STRIP = NO;
				DEBUG_INFORMATION_FORMAT = "dwarf-with-dsym";
				ENABLE_STRICT_OBJC_MSGSEND = YES;
				GCC_C_LANGUAGE_STANDARD = gnu99;
				GCC_DYNAMIC_NO_PIC = NO;
				GCC_NO_COMMON_BLOCKS = YES;
				GCC_OPTIMIZATION_LEVEL = 0;
				GCC_PREPROCESSOR_DEFINITIONS = (
					"DEBUG=1",
					"$(inherited)",
				);
				GCC_SYMBOLS_PRIVATE_EXTERN = NO;
				GCC_WARN_64_TO_32_BIT_CONVERSION = YES;
				GCC_WARN_ABOUT_RETURN_TYPE = YES_ERROR;
				GCC_WARN_UNDECLARED_SELECTOR = YES;
				GCC_WARN_UNINITIALIZED_AUTOS = YES_AGGRESSIVE;
				GCC_WARN_UNUSED_FUNCTION = YES;
				GCC_WARN_UNUSED_VARIABLE = YES;
				IPHONEOS_DEPLOYMENT_TARGET = 7.0;
				MTL_ENABLE_DEBUG_INFO = YES;
				ONLY_ACTIVE_ARCH = YES;
				SDKROOT = iphoneos;
			};
			name = Debug;
		};
		4894F43C1B183DE3009F44D9 /* Release */ = {
			isa = XCBuildConfiguration;
			buildSettings = {
				ALWAYS_SEARCH_USER_PATHS = NO;
				CLANG_CXX_LANGUAGE_STANDARD = "gnu++0x";
				CLANG_CXX_LIBRARY = "libc++";
				CLANG_ENABLE_MODULES = YES;
				CLANG_ENABLE_OBJC_ARC = YES;
				CLANG_WARN_BOOL_CONVERSION = YES;
				CLANG_WARN_CONSTANT_CONVERSION = YES;
				CLANG_WARN_DIRECT_OBJC_ISA_USAGE = YES_ERROR;
				CLANG_WARN_EMPTY_BODY = YES;
				CLANG_WARN_ENUM_CONVERSION = YES;
				CLANG_WARN_INT_CONVERSION = YES;
				CLANG_WARN_OBJC_ROOT_CLASS = YES_ERROR;
				CLANG_WARN_UNREACHABLE_CODE = YES;
				CLANG_WARN__DUPLICATE_METHOD_MATCH = YES;
				"CODE_SIGN_IDENTITY[sdk=iphoneos*]" = "iPhone Developer";
				COPY_PHASE_STRIP = NO;
				DEBUG_INFORMATION_FORMAT = "dwarf-with-dsym";
				ENABLE_NS_ASSERTIONS = NO;
				ENABLE_STRICT_OBJC_MSGSEND = YES;
				GCC_C_LANGUAGE_STANDARD = gnu99;
				GCC_NO_COMMON_BLOCKS = YES;
				GCC_WARN_64_TO_32_BIT_CONVERSION = YES;
				GCC_WARN_ABOUT_RETURN_TYPE = YES_ERROR;
				GCC_WARN_UNDECLARED_SELECTOR = YES;
				GCC_WARN_UNINITIALIZED_AUTOS = YES_AGGRESSIVE;
				GCC_WARN_UNUSED_FUNCTION = YES;
				GCC_WARN_UNUSED_VARIABLE = YES;
				IPHONEOS_DEPLOYMENT_TARGET = 7.0;
				MTL_ENABLE_DEBUG_INFO = NO;
				SDKROOT = iphoneos;
				VALIDATE_PRODUCT = YES;
			};
			name = Release;
		};
		4894F43E1B183DE3009F44D9 /* Debug */ = {
			isa = XCBuildConfiguration;
			buildSettings = {
				ASSETCATALOG_COMPILER_APPICON_NAME = AppIcon;
				INFOPLIST_FILE = FDFullscreenPopGestureDemo/Info.plist;
				LD_RUNPATH_SEARCH_PATHS = "$(inherited) @executable_path/Frameworks";
				PRODUCT_NAME = "$(TARGET_NAME)";
			};
			name = Debug;
		};
		4894F43F1B183DE3009F44D9 /* Release */ = {
			isa = XCBuildConfiguration;
			buildSettings = {
				ASSETCATALOG_COMPILER_APPICON_NAME = AppIcon;
				INFOPLIST_FILE = FDFullscreenPopGestureDemo/Info.plist;
				LD_RUNPATH_SEARCH_PATHS = "$(inherited) @executable_path/Frameworks";
				PRODUCT_NAME = "$(TARGET_NAME)";
			};
			name = Release;
		};
/* End XCBuildConfiguration section */

/* Begin XCConfigurationList section */
		4894F4151B183DE3009F44D9 /* Build configuration list for PBXProject "FDFullscreenPopGestureDemo" */ = {
			isa = XCConfigurationList;
			buildConfigurations = (
				4894F43B1B183DE3009F44D9 /* Debug */,
				4894F43C1B183DE3009F44D9 /* Release */,
			);
			defaultConfigurationIsVisible = 0;
			defaultConfigurationName = Release;
		};
		4894F43D1B183DE3009F44D9 /* Build configuration list for PBXNativeTarget "FDFullscreenPopGestureDemo" */ = {
			isa = XCConfigurationList;
			buildConfigurations = (
				4894F43E1B183DE3009F44D9 /* Debug */,
				4894F43F1B183DE3009F44D9 /* Release */,
			);
			defaultConfigurationIsVisible = 0;
			defaultConfigurationName = Release;
		};
/* End XCConfigurationList section */
	};
	rootObject = 4894F4121B183DE3009F44D9 /* Project object */;
}
